
Microsoft Visual Studio Solution File, Format Version 12.00
# Visual Studio Version 16
VisualStudioVersion = 16.0.29025.244
MinimumVisualStudioVersion = 10.0.40219.1
Project("{9A19103F-16F7-4668-BE54-9A1E7A4F7556}") = "WarWolfWorks", "WarWolfWorks\WarWolfWorks.csproj", "{A694A161-913A-4082-93C6-FDF961942E7C}"
EndProject
Project("{9A19103F-16F7-4668-BE54-9A1E7A4F7556}") = "WarWolfWorks.EditorBase", "WarWolfWorks.EditorBase\WarWolfWorks.EditorBase.csproj", "{D9219347-6EA1-4B97-9E0F-61563409131B}"
EndProject
Project("{9A19103F-16F7-4668-BE54-9A1E7A4F7556}") = "WarWolfWorks.IO.CTS", "WarWolfWorks.IO.CTS\WarWolfWorks.IO.CTS.csproj", "{9B5C42F9-4A84-4E13-A79F-5188BACE14F1}"
EndProject
Global
	GlobalSection(SolutionConfigurationPlatforms) = preSolution
		Debug|Any CPU = Debug|Any CPU
		Release|Any CPU = Release|Any CPU
	EndGlobalSection
	GlobalSection(ProjectConfigurationPlatforms) = postSolution
		{A694A161-913A-4082-93C6-FDF961942E7C}.Debug|Any CPU.ActiveCfg = Debug|Any CPU
		{A694A161-913A-4082-93C6-FDF961942E7C}.Debug|Any CPU.Build.0 = Debug|Any CPU
		{A694A161-913A-4082-93C6-FDF961942E7C}.Release|Any CPU.ActiveCfg = Release|Any CPU
		{A694A161-913A-4082-93C6-FDF961942E7C}.Release|Any CPU.Build.0 = Release|Any CPU
		{D9219347-6EA1-4B97-9E0F-61563409131B}.Debug|Any CPU.ActiveCfg = Debug|Any CPU
		{D9219347-6EA1-4B97-9E0F-61563409131B}.Debug|Any CPU.Build.0 = Debug|Any CPU
		{D9219347-6EA1-4B97-9E0F-61563409131B}.Release|Any CPU.ActiveCfg = Release|Any CPU
		{D9219347-6EA1-4B97-9E0F-61563409131B}.Release|Any CPU.Build.0 = Release|Any CPU
		{9B5C42F9-4A84-4E13-A79F-5188BACE14F1}.Debug|Any CPU.ActiveCfg = Debug|Any CPU
		{9B5C42F9-4A84-4E13-A79F-5188BACE14F1}.Debug|Any CPU.Build.0 = Debug|Any CPU
		{9B5C42F9-4A84-4E13-A79F-5188BACE14F1}.Release|Any CPU.ActiveCfg = Release|Any CPU
		{9B5C42F9-4A84-4E13-A79F-5188BACE14F1}.Release|Any CPU.Build.0 = Release|Any CPU
	EndGlobalSection
	GlobalSection(SolutionProperties) = preSolution
		HideSolutionNode = FALSE
	EndGlobalSection
	GlobalSection(ExtensibilityGlobals) = postSolution
		SolutionGuid = {54687491-E89C-4C00-A762-CBB7D4854403}
	EndGlobalSection
EndGlobal
